
Microsoft Visual Studio Solution File, Format Version 12.00
# Visual Studio 2013
VisualStudioVersion = 12.0.21005.1
MinimumVisualStudioVersion = 10.0.40219.1
Project("{2150E333-8FDC-42A3-9474-1A3956D46DE8}") = "01-StrategyPattern（策略模式）", "01-StrategyPattern（策略模式）", "{28EDD8D0-5FFF-4409-A9BD-585ED71EC151}"
EndProject
Project("{2150E333-8FDC-42A3-9474-1A3956D46DE8}") = "02-ObserverPattern（观察者模式）", "02-ObserverPattern（观察者模式）", "{A62BF4BF-54C3-48C1-A30D-40BF7503C057}"
EndProject
Project("{2150E333-8FDC-42A3-9474-1A3956D46DE8}") = "03-IteratorPattern（迭代器模式）", "03-IteratorPattern（迭代器模式）", "{30C7E354-4F0A-4364-9F54-88553436BA87}"
EndProject
Project("{2150E333-8FDC-42A3-9474-1A3956D46DE8}") = "04-AdapterPattern（适配器模式）", "04-AdapterPattern（适配器模式）", "{20BABCE9-A344-4EFD-A245-F08D577421F5}"
EndProject
Project("{2150E333-8FDC-42A3-9474-1A3956D46DE8}") = "05-SingletonPattern（单例模式）", "05-SingletonPattern（单例模式）", "{AA8C5695-9770-4AFD-AEB4-260130BAAFF9}"
EndProject
Project("{2150E333-8FDC-42A3-9474-1A3956D46DE8}") = "06-FactoryMethodPattern（工厂方法模式）", "06-FactoryMethodPattern（工厂方法模式）", "{B216DFE4-D321-48C4-9720-757CA8CB37BC}"
EndProject
Project("{2150E333-8FDC-42A3-9474-1A3956D46DE8}") = "07-BuilderPattern（建造模式）", "07-BuilderPattern（建造模式）", "{74890EE9-DED4-43FE-B9DE-794F1ABC4109}"
EndProject
Project("{FAE04EC0-301F-11D3-BF4B-00C04F79EFBC}") = "BuilderPattern", "BuilderPattern\BuilderPattern.csproj", "{7A6D5F25-3D68-456D-B6F5-0B0AFFBD263B}"
EndProject
Project("{FAE04EC0-301F-11D3-BF4B-00C04F79EFBC}") = "SingletonPattern", "SingletonPattern\SingletonPattern.csproj", "{0C97B063-ADF9-4E18-83D5-AA5FCA2578F3}"
EndProject
Project("{2150E333-8FDC-42A3-9474-1A3956D46DE8}") = "08-CompositePattern（组合模式）", "08-CompositePattern（组合模式）", "{D8DE259C-6F0B-48A5-8DBC-1CCEEABB7150}"
EndProject
Project("{FAE04EC0-301F-11D3-BF4B-00C04F79EFBC}") = "CompositePattern", "CompositePattern\CompositePattern.csproj", "{9F81DBB1-80B8-45A7-A45E-CA5A95E25ACE}"
EndProject
Project("{FAE04EC0-301F-11D3-BF4B-00C04F79EFBC}") = "IteratorPattern", "IteratorPattern\IteratorPattern.csproj", "{B1EEBDA0-0A94-449A-95CC-823742EC3212}"
EndProject
Project("{FAE04EC0-301F-11D3-BF4B-00C04F79EFBC}") = "ObserverPattern", "ObserverPattern\ObserverPattern.csproj", "{8718CAFE-29D7-4BFE-986E-A1EB94B4A834}"
EndProject
Project("{FAE04EC0-301F-11D3-BF4B-00C04F79EFBC}") = "AdapterPattern", "AdapterPattern\AdapterPattern.csproj", "{F6110EFA-C66B-4F70-A1ED-2CA843AFF834}"
EndProject
Project("{FAE04EC0-301F-11D3-BF4B-00C04F79EFBC}") = "FactoryMethodPattern", "FactoryMethodPattern\FactoryMethodPattern.csproj", "{B51ACE82-2066-49C2-A15E-EC4A3A8C486F}"
EndProject
Project("{FAE04EC0-301F-11D3-BF4B-00C04F79EFBC}") = "StrategyPattery", "StrategyPattery\StrategyPattery.csproj", "{64A713AA-15DB-49CB-8FF3-AE0B3E484883}"
EndProject
Project("{2150E333-8FDC-42A3-9474-1A3956D46DE8}") = "09-SimpleFactoryPattern（简单工厂模式）", "09-SimpleFactoryPattern（简单工厂模式）", "{0876C95B-89DD-4B18-94FC-D2AEA0BA73CE}"
EndProject
Project("{FAE04EC0-301F-11D3-BF4B-00C04F79EFBC}") = "SimpleFactoryPattern", "SimpleFactoryPattern\SimpleFactoryPattern.csproj", "{F46BCCDF-0224-4810-8A86-A7978CA843C1}"
EndProject
Project("{2150E333-8FDC-42A3-9474-1A3956D46DE8}") = "10-ProxyPattern（代理模式）", "10-ProxyPattern（代理模式）", "{0602314E-73B0-482B-BBCE-CF56BD8862DA}"
EndProject
Project("{FAE04EC0-301F-11D3-BF4B-00C04F79EFBC}") = "ProxyPattern", "ProxyPattern\ProxyPattern.csproj", "{A5C4BE2A-1B36-48EF-AC7E-0EC0C4ED5E9F}"
EndProject
Project("{2150E333-8FDC-42A3-9474-1A3956D46DE8}") = "11-BridgePattern（桥接模式）", "11-BridgePattern（桥接模式）", "{69F306D5-2162-4916-BCD2-0F41C66221F5}"
EndProject
Project("{FAE04EC0-301F-11D3-BF4B-00C04F79EFBC}") = "BridgePattern", "BridgePattern\BridgePattern.csproj", "{F5922E57-FEBF-4CED-AE08-72C6E1C9B2C7}"
EndProject
Project("{2150E333-8FDC-42A3-9474-1A3956D46DE8}") = "12-VisitorPattern（访问者模式）", "12-VisitorPattern（访问者模式）", "{4F4F0127-43F5-48B4-8FB8-9998DC51B1B2}"
EndProject
Project("{FAE04EC0-301F-11D3-BF4B-00C04F79EFBC}") = "VisitorPattern", "VisitorPattern\VisitorPattern.csproj", "{66AE0F6A-32E8-43CC-A3C2-F495FB21281F}"
EndProject
Project("{2150E333-8FDC-42A3-9474-1A3956D46DE8}") = "13-StatePattern（状态模式）", "13-StatePattern（状态模式）", "{E028445F-05F6-49DF-96A0-FCB1FFFDDF4D}"
EndProject
Project("{FAE04EC0-301F-11D3-BF4B-00C04F79EFBC}") = "StatePattern", "StatePattern\StatePattern.csproj", "{8831EAF1-BC5F-4B40-A515-0A7BA3E641AE}"
EndProject
Project("{2150E333-8FDC-42A3-9474-1A3956D46DE8}") = "14-CommandPattern（命令模式）", "14-CommandPattern（命令模式）", "{1D3C03AE-3C3E-4605-97D0-B52EDC722E97}"
EndProject
Project("{FAE04EC0-301F-11D3-BF4B-00C04F79EFBC}") = "CommandPattern", "CommandPattern\CommandPattern.csproj", "{1FF1FA1C-2A4B-46F6-BA0F-FAABE3431B46}"
EndProject
Project("{2150E333-8FDC-42A3-9474-1A3956D46DE8}") = "15-MementoPattern（备忘录模式）", "15-MementoPattern（备忘录模式）", "{C1DD1F7B-18D7-4115-9324-2A9D73D826EA}"
EndProject
Project("{FAE04EC0-301F-11D3-BF4B-00C04F79EFBC}") = "MementoPattern", "MementoPattern\MementoPattern.csproj", "{772E21DE-341F-413E-A277-73D07CB0528B}"
EndProject
Project("{2150E333-8FDC-42A3-9474-1A3956D46DE8}") = "16-TemplateMethodPattern（模板方法模式）", "16-TemplateMethodPattern（模板方法模式）", "{1D079E93-A917-455D-AFBA-7068411A1E24}"
EndProject
Project("{FAE04EC0-301F-11D3-BF4B-00C04F79EFBC}") = "TemplateMethodPattern", "TemplateMethodPattern\TemplateMethodPattern.csproj", "{3FE21F68-C8B8-4423-8BA2-A44877F4EDCE}"
EndProject
Project("{2150E333-8FDC-42A3-9474-1A3956D46DE8}") = "17-ChainOfResponsibility（责任链模式）", "17-ChainOfResponsibility（责任链模式）", "{157631F0-214B-4A35-9A9B-7E94ECAD1002}"
EndProject
Project("{FAE04EC0-301F-11D3-BF4B-00C04F79EFBC}") = "ChainOfResponsibility", "ChainOfResponsibility\ChainOfResponsibility.csproj", "{0395D526-3392-485B-8A0C-E267C26081EA}"
EndProject
Project("{2150E333-8FDC-42A3-9474-1A3956D46DE8}") = "18-AbstractFactoryPattern（抽象方法模式）", "18-AbstractFactoryPattern（抽象方法模式）", "{548C4ED2-457B-42F0-9168-71231D72CC9A}"
EndProject
Project("{FAE04EC0-301F-11D3-BF4B-00C04F79EFBC}") = "AbstractFactoryPattern", "AbtractMethodPattern\AbstractFactoryPattern.csproj", "{C133D309-2510-4DFF-92A1-7141D42C0DB3}"
EndProject
Project("{2150E333-8FDC-42A3-9474-1A3956D46DE8}") = "19-FacadePattern（外观模式）", "19-FacadePattern（外观模式）", "{298D79B2-1EDF-42E2-B988-B71B5E80DBD7}"
EndProject
Project("{FAE04EC0-301F-11D3-BF4B-00C04F79EFBC}") = "FacadePattern", "FacadePattern\FacadePattern.csproj", "{B5F7B627-2D08-46E8-8DD7-3EA7683714D6}"
EndProject
Project("{2150E333-8FDC-42A3-9474-1A3956D46DE8}") = "20-FlyweightPattern（亨元模式）", "20-FlyweightPattern（亨元模式）", "{476015E9-E1FE-40F7-BDF4-22E2F1EF93D5}"
EndProject
Project("{FAE04EC0-301F-11D3-BF4B-00C04F79EFBC}") = "FlyweightPattern", "FlyweightPattern\FlyweightPattern.csproj", "{1D275E8D-C0B5-4EB4-933F-F24D0D1B3D71}"
EndProject
Project("{2150E333-8FDC-42A3-9474-1A3956D46DE8}") = "21-DecoratorPattern（装饰模式）", "21-DecoratorPattern（装饰模式）", "{9FA01954-5DB1-4A59-9316-57341827F0B3}"
EndProject
Project("{FAE04EC0-301F-11D3-BF4B-00C04F79EFBC}") = "DecoratorPattern", "DecoratorPattern\DecoratorPattern.csproj", "{513FA237-253A-487E-95E9-8FAE2287E470}"
EndProject
Project("{2150E333-8FDC-42A3-9474-1A3956D46DE8}") = "22-PrototypePattern（原型模式）", "22-PrototypePattern（原型模式）", "{37BA26BF-F5D8-4236-9359-083AA89A037B}"
EndProject
Project("{FAE04EC0-301F-11D3-BF4B-00C04F79EFBC}") = "PrototypePattern", "PrototypePattern\PrototypePattern.csproj", "{8D32FCD5-7A79-4F28-BE55-39F0B3C1E458}"
EndProject
Project("{2150E333-8FDC-42A3-9474-1A3956D46DE8}") = "23-InterpreterPattern（解释器模式）", "23-InterpreterPattern（解释器模式）", "{81D70C33-EFF5-46EA-8E72-4E5E4D39E7C7}"
EndProject
Project("{FAE04EC0-301F-11D3-BF4B-00C04F79EFBC}") = "InterpreterPattern", "InterpreterPattern\InterpreterPattern.csproj", "{A5A089DA-D59F-4D84-BE6B-EAE6B6B4DA9D}"
EndProject
Global
	GlobalSection(SolutionConfigurationPlatforms) = preSolution
		Debug|Any CPU = Debug|Any CPU
		Release|Any CPU = Release|Any CPU
	EndGlobalSection
	GlobalSection(ProjectConfigurationPlatforms) = postSolution
		{7A6D5F25-3D68-456D-B6F5-0B0AFFBD263B}.Debug|Any CPU.ActiveCfg = Debug|Any CPU
		{7A6D5F25-3D68-456D-B6F5-0B0AFFBD263B}.Debug|Any CPU.Build.0 = Debug|Any CPU
		{7A6D5F25-3D68-456D-B6F5-0B0AFFBD263B}.Release|Any CPU.ActiveCfg = Release|Any CPU
		{7A6D5F25-3D68-456D-B6F5-0B0AFFBD263B}.Release|Any CPU.Build.0 = Release|Any CPU
		{0C97B063-ADF9-4E18-83D5-AA5FCA2578F3}.Debug|Any CPU.ActiveCfg = Debug|Any CPU
		{0C97B063-ADF9-4E18-83D5-AA5FCA2578F3}.Debug|Any CPU.Build.0 = Debug|Any CPU
		{0C97B063-ADF9-4E18-83D5-AA5FCA2578F3}.Release|Any CPU.ActiveCfg = Release|Any CPU
		{0C97B063-ADF9-4E18-83D5-AA5FCA2578F3}.Release|Any CPU.Build.0 = Release|Any CPU
		{9F81DBB1-80B8-45A7-A45E-CA5A95E25ACE}.Debug|Any CPU.ActiveCfg = Debug|Any CPU
		{9F81DBB1-80B8-45A7-A45E-CA5A95E25ACE}.Debug|Any CPU.Build.0 = Debug|Any CPU
		{9F81DBB1-80B8-45A7-A45E-CA5A95E25ACE}.Release|Any CPU.ActiveCfg = Release|Any CPU
		{9F81DBB1-80B8-45A7-A45E-CA5A95E25ACE}.Release|Any CPU.Build.0 = Release|Any CPU
		{B1EEBDA0-0A94-449A-95CC-823742EC3212}.Debug|Any CPU.ActiveCfg = Debug|Any CPU
		{B1EEBDA0-0A94-449A-95CC-823742EC3212}.Debug|Any CPU.Build.0 = Debug|Any CPU
		{B1EEBDA0-0A94-449A-95CC-823742EC3212}.Release|Any CPU.ActiveCfg = Release|Any CPU
		{B1EEBDA0-0A94-449A-95CC-823742EC3212}.Release|Any CPU.Build.0 = Release|Any CPU
		{8718CAFE-29D7-4BFE-986E-A1EB94B4A834}.Debug|Any CPU.ActiveCfg = Debug|Any CPU
		{8718CAFE-29D7-4BFE-986E-A1EB94B4A834}.Debug|Any CPU.Build.0 = Debug|Any CPU
		{8718CAFE-29D7-4BFE-986E-A1EB94B4A834}.Release|Any CPU.ActiveCfg = Release|Any CPU
		{8718CAFE-29D7-4BFE-986E-A1EB94B4A834}.Release|Any CPU.Build.0 = Release|Any CPU
		{F6110EFA-C66B-4F70-A1ED-2CA843AFF834}.Debug|Any CPU.ActiveCfg = Debug|Any CPU
		{F6110EFA-C66B-4F70-A1ED-2CA843AFF834}.Debug|Any CPU.Build.0 = Debug|Any CPU
		{F6110EFA-C66B-4F70-A1ED-2CA843AFF834}.Release|Any CPU.ActiveCfg = Release|Any CPU
		{F6110EFA-C66B-4F70-A1ED-2CA843AFF834}.Release|Any CPU.Build.0 = Release|Any CPU
		{B51ACE82-2066-49C2-A15E-EC4A3A8C486F}.Debug|Any CPU.ActiveCfg = Debug|Any CPU
		{B51ACE82-2066-49C2-A15E-EC4A3A8C486F}.Debug|Any CPU.Build.0 = Debug|Any CPU
		{B51ACE82-2066-49C2-A15E-EC4A3A8C486F}.Release|Any CPU.ActiveCfg = Release|Any CPU
		{B51ACE82-2066-49C2-A15E-EC4A3A8C486F}.Release|Any CPU.Build.0 = Release|Any CPU
		{64A713AA-15DB-49CB-8FF3-AE0B3E484883}.Debug|Any CPU.ActiveCfg = Debug|Any CPU
		{64A713AA-15DB-49CB-8FF3-AE0B3E484883}.Debug|Any CPU.Build.0 = Debug|Any CPU
		{64A713AA-15DB-49CB-8FF3-AE0B3E484883}.Release|Any CPU.ActiveCfg = Release|Any CPU
		{64A713AA-15DB-49CB-8FF3-AE0B3E484883}.Release|Any CPU.Build.0 = Release|Any CPU
		{F46BCCDF-0224-4810-8A86-A7978CA843C1}.Debug|Any CPU.ActiveCfg = Debug|Any CPU
		{F46BCCDF-0224-4810-8A86-A7978CA843C1}.Debug|Any CPU.Build.0 = Debug|Any CPU
		{F46BCCDF-0224-4810-8A86-A7978CA843C1}.Release|Any CPU.ActiveCfg = Release|Any CPU
		{F46BCCDF-0224-4810-8A86-A7978CA843C1}.Release|Any CPU.Build.0 = Release|Any CPU
		{A5C4BE2A-1B36-48EF-AC7E-0EC0C4ED5E9F}.Debug|Any CPU.ActiveCfg = Debug|Any CPU
		{A5C4BE2A-1B36-48EF-AC7E-0EC0C4ED5E9F}.Debug|Any CPU.Build.0 = Debug|Any CPU
		{A5C4BE2A-1B36-48EF-AC7E-0EC0C4ED5E9F}.Release|Any CPU.ActiveCfg = Release|Any CPU
		{A5C4BE2A-1B36-48EF-AC7E-0EC0C4ED5E9F}.Release|Any CPU.Build.0 = Release|Any CPU
		{F5922E57-FEBF-4CED-AE08-72C6E1C9B2C7}.Debug|Any CPU.ActiveCfg = Debug|Any CPU
		{F5922E57-FEBF-4CED-AE08-72C6E1C9B2C7}.Debug|Any CPU.Build.0 = Debug|Any CPU
		{F5922E57-FEBF-4CED-AE08-72C6E1C9B2C7}.Release|Any CPU.ActiveCfg = Release|Any CPU
		{F5922E57-FEBF-4CED-AE08-72C6E1C9B2C7}.Release|Any CPU.Build.0 = Release|Any CPU
		{66AE0F6A-32E8-43CC-A3C2-F495FB21281F}.Debug|Any CPU.ActiveCfg = Debug|Any CPU
		{66AE0F6A-32E8-43CC-A3C2-F495FB21281F}.Debug|Any CPU.Build.0 = Debug|Any CPU
		{66AE0F6A-32E8-43CC-A3C2-F495FB21281F}.Release|Any CPU.ActiveCfg = Release|Any CPU
		{66AE0F6A-32E8-43CC-A3C2-F495FB21281F}.Release|Any CPU.Build.0 = Release|Any CPU
		{8831EAF1-BC5F-4B40-A515-0A7BA3E641AE}.Debug|Any CPU.ActiveCfg = Debug|Any CPU
		{8831EAF1-BC5F-4B40-A515-0A7BA3E641AE}.Debug|Any CPU.Build.0 = Debug|Any CPU
		{8831EAF1-BC5F-4B40-A515-0A7BA3E641AE}.Release|Any CPU.ActiveCfg = Release|Any CPU
		{8831EAF1-BC5F-4B40-A515-0A7BA3E641AE}.Release|Any CPU.Build.0 = Release|Any CPU
		{1FF1FA1C-2A4B-46F6-BA0F-FAABE3431B46}.Debug|Any CPU.ActiveCfg = Debug|Any CPU
		{1FF1FA1C-2A4B-46F6-BA0F-FAABE3431B46}.Debug|Any CPU.Build.0 = Debug|Any CPU
		{1FF1FA1C-2A4B-46F6-BA0F-FAABE3431B46}.Release|Any CPU.ActiveCfg = Release|Any CPU
		{1FF1FA1C-2A4B-46F6-BA0F-FAABE3431B46}.Release|Any CPU.Build.0 = Release|Any CPU
		{772E21DE-341F-413E-A277-73D07CB0528B}.Debug|Any CPU.ActiveCfg = Debug|Any CPU
		{772E21DE-341F-413E-A277-73D07CB0528B}.Debug|Any CPU.Build.0 = Debug|Any CPU
		{772E21DE-341F-413E-A277-73D07CB0528B}.Release|Any CPU.ActiveCfg = Release|Any CPU
		{772E21DE-341F-413E-A277-73D07CB0528B}.Release|Any CPU.Build.0 = Release|Any CPU
		{3FE21F68-C8B8-4423-8BA2-A44877F4EDCE}.Debug|Any CPU.ActiveCfg = Debug|Any CPU
		{3FE21F68-C8B8-4423-8BA2-A44877F4EDCE}.Debug|Any CPU.Build.0 = Debug|Any CPU
		{3FE21F68-C8B8-4423-8BA2-A44877F4EDCE}.Release|Any CPU.ActiveCfg = Release|Any CPU
		{3FE21F68-C8B8-4423-8BA2-A44877F4EDCE}.Release|Any CPU.Build.0 = Release|Any CPU
		{0395D526-3392-485B-8A0C-E267C26081EA}.Debug|Any CPU.ActiveCfg = Debug|Any CPU
		{0395D526-3392-485B-8A0C-E267C26081EA}.Debug|Any CPU.Build.0 = Debug|Any CPU
		{0395D526-3392-485B-8A0C-E267C26081EA}.Release|Any CPU.ActiveCfg = Release|Any CPU
		{0395D526-3392-485B-8A0C-E267C26081EA}.Release|Any CPU.Build.0 = Release|Any CPU
		{C133D309-2510-4DFF-92A1-7141D42C0DB3}.Debug|Any CPU.ActiveCfg = Debug|Any CPU
		{C133D309-2510-4DFF-92A1-7141D42C0DB3}.Debug|Any CPU.Build.0 = Debug|Any CPU
		{C133D309-2510-4DFF-92A1-7141D42C0DB3}.Release|Any CPU.ActiveCfg = Release|Any CPU
		{C133D309-2510-4DFF-92A1-7141D42C0DB3}.Release|Any CPU.Build.0 = Release|Any CPU
		{B5F7B627-2D08-46E8-8DD7-3EA7683714D6}.Debug|Any CPU.ActiveCfg = Debug|Any CPU
		{B5F7B627-2D08-46E8-8DD7-3EA7683714D6}.Debug|Any CPU.Build.0 = Debug|Any CPU
		{B5F7B627-2D08-46E8-8DD7-3EA7683714D6}.Release|Any CPU.ActiveCfg = Release|Any CPU
		{B5F7B627-2D08-46E8-8DD7-3EA7683714D6}.Release|Any CPU.Build.0 = Release|Any CPU
		{1D275E8D-C0B5-4EB4-933F-F24D0D1B3D71}.Debug|Any CPU.ActiveCfg = Debug|Any CPU
		{1D275E8D-C0B5-4EB4-933F-F24D0D1B3D71}.Debug|Any CPU.Build.0 = Debug|Any CPU
		{1D275E8D-C0B5-4EB4-933F-F24D0D1B3D71}.Release|Any CPU.ActiveCfg = Release|Any CPU
		{1D275E8D-C0B5-4EB4-933F-F24D0D1B3D71}.Release|Any CPU.Build.0 = Release|Any CPU
		{513FA237-253A-487E-95E9-8FAE2287E470}.Debug|Any CPU.ActiveCfg = Debug|Any CPU
		{513FA237-253A-487E-95E9-8FAE2287E470}.Debug|Any CPU.Build.0 = Debug|Any CPU
		{513FA237-253A-487E-95E9-8FAE2287E470}.Release|Any CPU.ActiveCfg = Release|Any CPU
		{513FA237-253A-487E-95E9-8FAE2287E470}.Release|Any CPU.Build.0 = Release|Any CPU
		{8D32FCD5-7A79-4F28-BE55-39F0B3C1E458}.Debug|Any CPU.ActiveCfg = Debug|Any CPU
		{8D32FCD5-7A79-4F28-BE55-39F0B3C1E458}.Debug|Any CPU.Build.0 = Debug|Any CPU
		{8D32FCD5-7A79-4F28-BE55-39F0B3C1E458}.Release|Any CPU.ActiveCfg = Release|Any CPU
		{8D32FCD5-7A79-4F28-BE55-39F0B3C1E458}.Release|Any CPU.Build.0 = Release|Any CPU
		{A5A089DA-D59F-4D84-BE6B-EAE6B6B4DA9D}.Debug|Any CPU.ActiveCfg = Debug|Any CPU
		{A5A089DA-D59F-4D84-BE6B-EAE6B6B4DA9D}.Debug|Any CPU.Build.0 = Debug|Any CPU
		{A5A089DA-D59F-4D84-BE6B-EAE6B6B4DA9D}.Release|Any CPU.ActiveCfg = Release|Any CPU
		{A5A089DA-D59F-4D84-BE6B-EAE6B6B4DA9D}.Release|Any CPU.Build.0 = Release|Any CPU
	EndGlobalSection
	GlobalSection(SolutionProperties) = preSolution
		HideSolutionNode = FALSE
	EndGlobalSection
	GlobalSection(NestedProjects) = preSolution
		{64A713AA-15DB-49CB-8FF3-AE0B3E484883} = {28EDD8D0-5FFF-4409-A9BD-585ED71EC151}
		{8718CAFE-29D7-4BFE-986E-A1EB94B4A834} = {A62BF4BF-54C3-48C1-A30D-40BF7503C057}
		{B1EEBDA0-0A94-449A-95CC-823742EC3212} = {30C7E354-4F0A-4364-9F54-88553436BA87}
		{F6110EFA-C66B-4F70-A1ED-2CA843AFF834} = {20BABCE9-A344-4EFD-A245-F08D577421F5}
		{0C97B063-ADF9-4E18-83D5-AA5FCA2578F3} = {AA8C5695-9770-4AFD-AEB4-260130BAAFF9}
		{B51ACE82-2066-49C2-A15E-EC4A3A8C486F} = {B216DFE4-D321-48C4-9720-757CA8CB37BC}
		{7A6D5F25-3D68-456D-B6F5-0B0AFFBD263B} = {74890EE9-DED4-43FE-B9DE-794F1ABC4109}
		{9F81DBB1-80B8-45A7-A45E-CA5A95E25ACE} = {D8DE259C-6F0B-48A5-8DBC-1CCEEABB7150}
		{F46BCCDF-0224-4810-8A86-A7978CA843C1} = {0876C95B-89DD-4B18-94FC-D2AEA0BA73CE}
		{A5C4BE2A-1B36-48EF-AC7E-0EC0C4ED5E9F} = {0602314E-73B0-482B-BBCE-CF56BD8862DA}
		{F5922E57-FEBF-4CED-AE08-72C6E1C9B2C7} = {69F306D5-2162-4916-BCD2-0F41C66221F5}
		{66AE0F6A-32E8-43CC-A3C2-F495FB21281F} = {4F4F0127-43F5-48B4-8FB8-9998DC51B1B2}
		{8831EAF1-BC5F-4B40-A515-0A7BA3E641AE} = {E028445F-05F6-49DF-96A0-FCB1FFFDDF4D}
		{1FF1FA1C-2A4B-46F6-BA0F-FAABE3431B46} = {1D3C03AE-3C3E-4605-97D0-B52EDC722E97}
		{772E21DE-341F-413E-A277-73D07CB0528B} = {C1DD1F7B-18D7-4115-9324-2A9D73D826EA}
		{3FE21F68-C8B8-4423-8BA2-A44877F4EDCE} = {1D079E93-A917-455D-AFBA-7068411A1E24}
		{0395D526-3392-485B-8A0C-E267C26081EA} = {157631F0-214B-4A35-9A9B-7E94ECAD1002}
		{C133D309-2510-4DFF-92A1-7141D42C0DB3} = {548C4ED2-457B-42F0-9168-71231D72CC9A}
		{B5F7B627-2D08-46E8-8DD7-3EA7683714D6} = {298D79B2-1EDF-42E2-B988-B71B5E80DBD7}
		{1D275E8D-C0B5-4EB4-933F-F24D0D1B3D71} = {476015E9-E1FE-40F7-BDF4-22E2F1EF93D5}
		{513FA237-253A-487E-95E9-8FAE2287E470} = {9FA01954-5DB1-4A59-9316-57341827F0B3}
		{8D32FCD5-7A79-4F28-BE55-39F0B3C1E458} = {37BA26BF-F5D8-4236-9359-083AA89A037B}
		{A5A089DA-D59F-4D84-BE6B-EAE6B6B4DA9D} = {81D70C33-EFF5-46EA-8E72-4E5E4D39E7C7}
	EndGlobalSection
EndGlobal
